
Microsoft Visual Studio Solution File, Format Version 12.00
# Visual Studio Version 17
VisualStudioVersion = 17.2.32210.308
MinimumVisualStudioVersion = 10.0.40219.1
Project("{9A19103F-16F7-4668-BE54-9A1E7A4F7556}") = "VAR.Client", "VAR\Client\VAR.Client.csproj", "{13BD0227-C2BB-4AEB-AD9A-5509EB9A6738}"
EndProject
Project("{9A19103F-16F7-4668-BE54-9A1E7A4F7556}") = "VAR.Server", "VAR\Server\VAR.Server.csproj", "{A0B6BBF0-0308-41B8-B3BF-6248396F88A7}"
EndProject
Project("{9A19103F-16F7-4668-BE54-9A1E7A4F7556}") = "VAR.Shared", "VAR\Shared\VAR.Shared.csproj", "{1492E5E7-230A-434D-9841-9A1054CF4068}"
EndProject
Global
	GlobalSection(SolutionConfigurationPlatforms) = preSolution
		Debug|Any CPU = Debug|Any CPU
		Release|Any CPU = Release|Any CPU
	EndGlobalSection
	GlobalSection(ProjectConfigurationPlatforms) = postSolution
		{13BD0227-C2BB-4AEB-AD9A-5509EB9A6738}.Debug|Any CPU.ActiveCfg = Debug|Any CPU
		{13BD0227-C2BB-4AEB-AD9A-5509EB9A6738}.Debug|Any CPU.Build.0 = Debug|Any CPU
		{13BD0227-C2BB-4AEB-AD9A-5509EB9A6738}.Release|Any CPU.ActiveCfg = Release|Any CPU
		{13BD0227-C2BB-4AEB-AD9A-5509EB9A6738}.Release|Any CPU.Build.0 = Release|Any CPU
		{A0B6BBF0-0308-41B8-B3BF-6248396F88A7}.Debug|Any CPU.ActiveCfg = Debug|Any CPU
		{A0B6BBF0-0308-41B8-B3BF-6248396F88A7}.Debug|Any CPU.Build.0 = Debug|Any CPU
		{A0B6BBF0-0308-41B8-B3BF-6248396F88A7}.Release|Any CPU.ActiveCfg = Release|Any CPU
		{A0B6BBF0-0308-41B8-B3BF-6248396F88A7}.Release|Any CPU.Build.0 = Release|Any CPU
		{1492E5E7-230A-434D-9841-9A1054CF4068}.Debug|Any CPU.ActiveCfg = Debug|Any CPU
		{1492E5E7-230A-434D-9841-9A1054CF4068}.Debug|Any CPU.Build.0 = Debug|Any CPU
		{1492E5E7-230A-434D-9841-9A1054CF4068}.Release|Any CPU.ActiveCfg = Release|Any CPU
		{1492E5E7-230A-434D-9841-9A1054CF4068}.Release|Any CPU.Build.0 = Release|Any CPU
	EndGlobalSection
	GlobalSection(SolutionProperties) = preSolution
		HideSolutionNode = FALSE
	EndGlobalSection
	GlobalSection(ExtensibilityGlobals) = postSolution
		SolutionGuid = {8C2B4500-9217-434A-923D-FEEB2D651BF5}
	EndGlobalSection
EndGlobal
